
Microsoft Visual Studio Solution File, Format Version 12.00
# Visual Studio Version 16
VisualStudioVersion = 16.0.31911.196
MinimumVisualStudioVersion = 10.0.40219.1
Project("{FAE04EC0-301F-11D3-BF4B-00C04F79EFBC}") = "DynamicArray", "DynamicArray\DynamicArray.csproj", "{D59BEA30-6A0B-45B3-9B1E-94EB7F8664FE}"
EndProject
Global
	GlobalSection(SolutionConfigurationPlatforms) = preSolution
		Debug|Any CPU = Debug|Any CPU
		Release|Any CPU = Release|Any CPU
	EndGlobalSection
	GlobalSection(ProjectConfigurationPlatforms) = postSolution
		{D59BEA30-6A0B-45B3-9B1E-94EB7F8664FE}.Debug|Any CPU.ActiveCfg = Debug|Any CPU
		{D59BEA30-6A0B-45B3-9B1E-94EB7F8664FE}.Debug|Any CPU.Build.0 = Debug|Any CPU
		{D59BEA30-6A0B-45B3-9B1E-94EB7F8664FE}.Release|Any CPU.ActiveCfg = Release|Any CPU
		{D59BEA30-6A0B-45B3-9B1E-94EB7F8664FE}.Release|Any CPU.Build.0 = Release|Any CPU
	EndGlobalSection
	GlobalSection(SolutionProperties) = preSolution
		HideSolutionNode = FALSE
	EndGlobalSection
	GlobalSection(ExtensibilityGlobals) = postSolution
		SolutionGuid = {9B3D0DBA-9760-492E-9A8D-FD244E048360}
	EndGlobalSection
EndGlobal
